
Microsoft Visual Studio Solution File, Format Version 12.00
# Visual Studio Version 16
VisualStudioVersion = 16.0.29709.97
MinimumVisualStudioVersion = 10.0.40219.1
Project("{FAE04EC0-301F-11D3-BF4B-00C04F79EFBC}") = "SamuraiApp.Domain", "src\SamuraiApp.Domain\SamuraiApp.Domain.csproj", "{FE3A6BAA-2147-4E0C-9FA9-F6F1F8675E9C}"
EndProject
Project("{FAE04EC0-301F-11D3-BF4B-00C04F79EFBC}") = "SamuraiApp.Data", "src\SamuraiApp.Data\SamuraiApp.Data.csproj", "{DC18C096-040A-40B7-BBFF-7318BCB27814}"
EndProject
Global
	GlobalSection(SolutionConfigurationPlatforms) = preSolution
		Debug|Any CPU = Debug|Any CPU
		Release|Any CPU = Release|Any CPU
	EndGlobalSection
	GlobalSection(ProjectConfigurationPlatforms) = postSolution
		{FE3A6BAA-2147-4E0C-9FA9-F6F1F8675E9C}.Debug|Any CPU.ActiveCfg = Debug|Any CPU
		{FE3A6BAA-2147-4E0C-9FA9-F6F1F8675E9C}.Debug|Any CPU.Build.0 = Debug|Any CPU
		{FE3A6BAA-2147-4E0C-9FA9-F6F1F8675E9C}.Release|Any CPU.ActiveCfg = Release|Any CPU
		{FE3A6BAA-2147-4E0C-9FA9-F6F1F8675E9C}.Release|Any CPU.Build.0 = Release|Any CPU
		{DC18C096-040A-40B7-BBFF-7318BCB27814}.Debug|Any CPU.ActiveCfg = Debug|Any CPU
		{DC18C096-040A-40B7-BBFF-7318BCB27814}.Debug|Any CPU.Build.0 = Debug|Any CPU
		{DC18C096-040A-40B7-BBFF-7318BCB27814}.Release|Any CPU.ActiveCfg = Release|Any CPU
		{DC18C096-040A-40B7-BBFF-7318BCB27814}.Release|Any CPU.Build.0 = Release|Any CPU
	EndGlobalSection
	GlobalSection(SolutionProperties) = preSolution
		HideSolutionNode = FALSE
	EndGlobalSection
	GlobalSection(ExtensibilityGlobals) = postSolution
		SolutionGuid = {FA43F950-32A2-4A44-9496-57730B3BF9E3}
	EndGlobalSection
EndGlobal
